
Microsoft Visual Studio Solution File, Format Version 11.00
# Visual Studio 2010
Project("{00000000-0000-0000-0000-000000000000}") = "SocialModule", "SocialModule.csproj", "{20705B65-CA2C-4CA9-B79B-9BF1894AF9C5}"
EndProject
Global
	GlobalSection(SolutionConfigurationPlatforms) = preSolution
		Debug|Any CPU = Debug|Any CPU
		Release|Any CPU = Release|Any CPU
	EndGlobalSection
	GlobalSection(ProjectConfigurationPlatforms) = postSolution
		{20705B65-CA2C-4CA9-B79B-9BF1894AF9C5}.Debug|Any CPU.ActiveCfg = Debug|Any CPU
		{20705B65-CA2C-4CA9-B79B-9BF1894AF9C5}.Debug|Any CPU.Build.0 = Debug|Any CPU
		{20705B65-CA2C-4CA9-B79B-9BF1894AF9C5}.Release|Any CPU.ActiveCfg = Release|Any CPU
		{20705B65-CA2C-4CA9-B79B-9BF1894AF9C5}.Release|Any CPU.Build.0 = Release|Any CPU
	EndGlobalSection
	GlobalSection(SolutionProperties) = preSolution
		HideSolutionNode = FALSE
	EndGlobalSection
EndGlobal
